{
  "version": 4,
  "terraform_version": "0.12.13",
  "serial": 41,
  "lineage": "13119cd2-bbfc-e57f-b5ff-f08a852db3c7",
  "outputs": {},
  "resources": [
    {
      "mode": "data",
      "type": "aws_internet_gateway",
      "name": "default",
      "provider": "provider.aws",
      "instances": [
        {
          "schema_version": 0,
          "attributes": {
            "attachments": [
              {
                "state": "available",
                "vpc_id": "vpc-02450e82c7e93c295"
              }
            ],
            "filter": [
              {
                "name": "attachment.vpc-id",
                "values": [
                  "vpc-02450e82c7e93c295"
                ]
              }
            ],
            "id": "igw-0e6ec0cc490a661c6",
            "internet_gateway_id": "igw-0e6ec0cc490a661c6",
            "owner_id": "135928476890",
            "tags": {
              "Name": "sf-igw-eng42"
            }
          }
        }
      ]
    },
    {
      "mode": "data",
      "type": "template_file",
      "name": "app_instance",
      "provider": "provider.template",
      "instances": [
        {
          "schema_version": 0,
          "attributes": {
            "filename": null,
            "id": "2d3204f8a4a39241723e855c60d0ea4fa85c6bb00e4d732b1329ef36724961ec",
            "rendered": "#!/bin/bash\r\n\r\ncd /home/ubuntu/app\r\n\r\npwd\r\n\r\nnpm install\r\nnpm start\r\n",
            "template": "#!/bin/bash\r\n\r\ncd /home/ubuntu/app\r\n\r\npwd\r\n\r\nnpm install\r\nnpm start\r\n",
            "vars": null
          }
        }
      ]
    },
    {
      "mode": "managed",
      "type": "aws_instance",
      "name": "app_instance",
      "provider": "provider.aws",
      "instances": [
        {
          "schema_version": 1,
          "attributes": {
            "ami": "ami-0164f7ab78c076386",
            "arn": "arn:aws:ec2:eu-west-1:135928476890:instance/i-0ed6836af85f64038",
            "associate_public_ip_address": true,
            "availability_zone": "eu-west-1b",
            "cpu_core_count": 1,
            "cpu_threads_per_core": 1,
            "credit_specification": [
              {
                "cpu_credits": "standard"
              }
            ],
            "disable_api_termination": false,
            "ebs_block_device": [],
            "ebs_optimized": false,
            "ephemeral_block_device": [],
            "get_password_data": false,
            "host_id": null,
            "iam_instance_profile": "",
            "id": "i-0ed6836af85f64038",
            "instance_initiated_shutdown_behavior": null,
            "instance_state": "running",
            "instance_type": "t2.micro",
            "ipv6_address_count": 0,
            "ipv6_addresses": [],
            "key_name": "ec2_terraform-sshkey",
            "monitoring": false,
            "network_interface": [],
            "network_interface_id": null,
            "password_data": "",
            "placement_group": "",
            "primary_network_interface_id": "eni-01dd7644d891635c5",
            "private_dns": "ip-10-10-30-6.eu-west-1.compute.internal",
            "private_ip": "10.10.30.6",
            "public_dns": "",
            "public_ip": "34.248.254.84",
            "root_block_device": [
              {
                "delete_on_termination": true,
                "encrypted": false,
                "iops": 100,
                "kms_key_id": "",
                "volume_id": "vol-0582a713ff47ef815",
                "volume_size": 8,
                "volume_type": "gp2"
              }
            ],
            "security_groups": [],
            "source_dest_check": true,
            "subnet_id": "subnet-01c739241a2fadbc0",
            "tags": {
              "Name": "SF-app-to-destroy"
            },
            "tenancy": "default",
            "timeouts": null,
            "user_data": "42b68ed42c4213d87c2dbe6f460a156b0ed226aa",
            "user_data_base64": null,
            "volume_tags": {},
            "vpc_security_group_ids": [
              "sg-05c925512aa66eee1"
            ]
          },
          "private": "eyJlMmJmYjczMC1lY2FhLTExZTYtOGY4OC0zNDM2M2JjN2M0YzAiOnsiY3JlYXRlIjo2MDAwMDAwMDAwMDAsImRlbGV0ZSI6MTIwMDAwMDAwMDAwMCwidXBkYXRlIjo2MDAwMDAwMDAwMDB9LCJzY2hlbWFfdmVyc2lvbiI6IjEifQ==",
          "depends_on": [
            "aws_security_group.app_sg",
            "aws_subnet.app_subnet",
            "data.template_file.app_instance"
          ]
        }
      ]
    },
    {
      "mode": "managed",
      "type": "aws_key_pair",
      "name": "deployer",
      "provider": "provider.aws",
      "instances": [
        {
          "schema_version": 1,
          "attributes": {
            "fingerprint": "b7:db:df:de:c6:3e:fc:2b:7d:f9:53:15:07:cc:5e:59",
            "id": "ec2_terraform-sshkey",
            "key_name": "ec2_terraform-sshkey",
            "key_name_prefix": null,
            "public_key": "ssh-rsa AAAAB3NzaC1yc2EAAAADAQABAAABgQDLQrtKpiVBGVpaJaW8zxbLXdbZHswItjwLWW/6aEyEN12QHBw92ZDNkqX0rwBsI+Gmy3xZA9S4rEXkMtDOwHYyUUs/y4ENgGga1O5N8ASFUXjeAi1uxIXOE0eIsn24WbqLyeMAO0psz72HcYniEwGc8fIXkzpCFz5JN4d7+/x9TkJx8fs5AhgljcFM2FLBy6+FUOyXaN8gzXcffifC04yRnfzL6P66buLXcCNFE8jn6ALuEX2ReMTBsmp0RKXoHWXRL0qOaYQ3KvWCHAPWIy5/aobEmCVh/FJYZrhc9+wLyM+89xOv9AQJexis+wV0fGAO2bPmF5/ckHPBECnGwzU2PzINNd0rl6shgpgwTJI0EQAIXtgtqHf2UZQIBhP6TIL+NK3SXRexS3y7t+kwu9lDg6SfIVBn8DLNd3RoIAQnI0QyaSk+GkAjWD5Sfgf83sYFl4WzAerMB0ecfhexYit8Y8OBYlxGxXTNPMARxvbQHbF3isy18fqNIXH7pmKcQws= 4096"
          },
          "private": "eyJzY2hlbWFfdmVyc2lvbiI6IjEifQ=="
        }
      ]
    },
    {
      "mode": "managed",
      "type": "aws_route_table",
      "name": "app_route_table",
      "provider": "provider.aws",
      "instances": [
        {
          "schema_version": 0,
          "attributes": {
            "id": "rtb-0893d2f53209542af",
            "owner_id": "135928476890",
            "propagating_vgws": [],
            "route": [
              {
                "cidr_block": "0.0.0.0/0",
                "egress_only_gateway_id": "",
                "gateway_id": "igw-0e6ec0cc490a661c6",
                "instance_id": "",
                "ipv6_cidr_block": "",
                "nat_gateway_id": "",
                "network_interface_id": "",
                "transit_gateway_id": "",
                "vpc_peering_connection_id": ""
              }
            ],
            "tags": {
              "Name": "SF-Public-route-table"
            },
            "vpc_id": "vpc-02450e82c7e93c295"
          },
          "private": "bnVsbA==",
          "depends_on": [
            "data.aws_internet_gateway.default"
          ]
        }
      ]
    },
    {
      "mode": "managed",
      "type": "aws_route_table_association",
      "name": "app_route_assoc",
      "provider": "provider.aws",
      "instances": [
        {
          "schema_version": 0,
          "attributes": {
            "id": "rtbassoc-056006b99925779f7",
            "route_table_id": "rtb-0893d2f53209542af",
            "subnet_id": "subnet-01c739241a2fadbc0"
          },
          "private": "bnVsbA==",
          "depends_on": [
            "aws_route_table.app_route_table",
            "aws_subnet.app_subnet"
          ]
        }
      ]
    },
    {
      "mode": "managed",
      "type": "aws_security_group",
      "name": "app_sg",
      "provider": "provider.aws",
      "instances": [
        {
          "schema_version": 1,
          "attributes": {
            "arn": "arn:aws:ec2:eu-west-1:135928476890:security-group/sg-05c925512aa66eee1",
            "description": "Allow traffic to pass from the private subnet to the internet",
            "egress": [],
            "id": "sg-05c925512aa66eee1",
            "ingress": [
              {
                "cidr_blocks": [
                  "0.0.0.0/0"
                ],
                "description": "open internet port from anywhere",
                "from_port": 80,
                "ipv6_cidr_blocks": [],
                "prefix_list_ids": [],
                "protocol": "tcp",
                "security_groups": [],
                "self": false,
                "to_port": 80
              },
              {
                "cidr_blocks": [
                  "212.161.55.68/32"
                ],
                "description": "open 3000 port from london wall",
                "from_port": 3000,
                "ipv6_cidr_blocks": [],
                "prefix_list_ids": [],
                "protocol": "tcp",
                "security_groups": [],
                "self": false,
                "to_port": 3000
              },
              {
                "cidr_blocks": [
                  "212.161.55.68/32"
                ],
                "description": "open ssh port from london wall",
                "from_port": 22,
                "ipv6_cidr_blocks": [],
                "prefix_list_ids": [],
                "protocol": "tcp",
                "security_groups": [],
                "self": false,
                "to_port": 22
              },
              {
                "cidr_blocks": [
                  "5.64.59.34/32"
                ],
                "description": "open 3000 port from sam home",
                "from_port": 3000,
                "ipv6_cidr_blocks": [],
                "prefix_list_ids": [],
                "protocol": "tcp",
                "security_groups": [],
                "self": false,
                "to_port": 3000
              },
              {
                "cidr_blocks": [
                  "5.64.59.34/32"
                ],
                "description": "open ssh port from sam home",
                "from_port": 22,
                "ipv6_cidr_blocks": [],
                "prefix_list_ids": [],
                "protocol": "tcp",
                "security_groups": [],
                "self": false,
                "to_port": 22
              }
            ],
            "name": "allow port 80",
            "name_prefix": null,
            "owner_id": "135928476890",
            "revoke_rules_on_delete": false,
            "tags": {
              "Name": "SF-app_security_group"
            },
            "timeouts": null,
            "vpc_id": "vpc-02450e82c7e93c295"
          },
          "private": "eyJlMmJmYjczMC1lY2FhLTExZTYtOGY4OC0zNDM2M2JjN2M0YzAiOnsiY3JlYXRlIjo2MDAwMDAwMDAwMDAsImRlbGV0ZSI6NjAwMDAwMDAwMDAwfSwic2NoZW1hX3ZlcnNpb24iOiIxIn0="
        }
      ]
    },
    {
      "mode": "managed",
      "type": "aws_subnet",
      "name": "app_subnet",
      "provider": "provider.aws",
      "instances": [
        {
          "schema_version": 1,
          "attributes": {
            "arn": "arn:aws:ec2:eu-west-1:135928476890:subnet/subnet-01c739241a2fadbc0",
            "assign_ipv6_address_on_creation": false,
            "availability_zone": "eu-west-1b",
            "availability_zone_id": "euw1-az1",
            "cidr_block": "10.10.30.0/24",
            "id": "subnet-01c739241a2fadbc0",
            "ipv6_cidr_block": "",
            "ipv6_cidr_block_association_id": "",
            "map_public_ip_on_launch": false,
            "owner_id": "135928476890",
            "tags": {
              "Name": "SF_app_subnet"
            },
            "timeouts": null,
            "vpc_id": "vpc-02450e82c7e93c295"
          },
          "private": "eyJlMmJmYjczMC1lY2FhLTExZTYtOGY4OC0zNDM2M2JjN2M0YzAiOnsiY3JlYXRlIjo2MDAwMDAwMDAwMDAsImRlbGV0ZSI6MTIwMDAwMDAwMDAwMH0sInNjaGVtYV92ZXJzaW9uIjoiMSJ9"
        }
      ]
    }
  ]
}
